// !$*UTF8*$!
{
	archiveVersion = 1;
	classes = {
	};
	objectVersion = 46;
	objects = {

/* Begin PBXBuildFile section */
		0212BCB71A15CAEE006B7403 /* main.m in Sources */ = {isa = PBXBuildFile; fileRef = 0212BCB61A15CAEE006B7403 /* main.m */; };
		0212BCBA1A15CAEE006B7403 /* AppDelegate.m in Sources */ = {isa = PBXBuildFile; fileRef = 0212BCB91A15CAEE006B7403 /* AppDelegate.m */; };
		0212BCBD1A15CAEE006B7403 /* ViewController.m in Sources */ = {isa = PBXBuildFile; fileRef = 0212BCBC1A15CAEE006B7403 /* ViewController.m */; };
		0212BCC01A15CAEE006B7403 /* Main.storyboard in Resources */ = {isa = PBXBuildFile; fileRef = 0212BCBE1A15CAEE006B7403 /* Main.storyboard */; };
		0212BCC21A15CAEE006B7403 /* Images.xcassets in Resources */ = {isa = PBXBuildFile; fileRef = 0212BCC11A15CAEE006B7403 /* Images.xcassets */; };
		0212BCC51A15CAEE006B7403 /* LaunchScreen.xib in Resources */ = {isa = PBXBuildFile; fileRef = 0212BCC31A15CAEE006B7403 /* LaunchScreen.xib */; };
		0212BCD11A15CAEE006B7403 /* SandboxTests.m in Sources */ = {isa = PBXBuildFile; fileRef = 0212BCD01A15CAEE006B7403 /* SandboxTests.m */; };
/* End PBXBuildFile section */

/* Begin PBXContainerItemProxy section */
		0212BCCB1A15CAEE006B7403 /* PBXContainerItemProxy */ = {
			isa = PBXContainerItemProxy;
			containerPortal = 0212BCA91A15CAED006B7403 /* Project object */;
			proxyType = 1;
			remoteGlobalIDString = 0212BCB01A15CAEE006B7403;
			remoteInfo = Sandbox;
		};
/* End PBXContainerItemProxy section */

/* Begin PBXFileReference section */
		0212BCB11A15CAEE006B7403 /* Sandbox.app */ = {isa = PBXFileReference; explicitFileType = wrapper.application; includeInIndex = 0; path = Sandbox.app; sourceTree = BUILT_PRODUCTS_DIR; };
		0212BCB51A15CAEE006B7403 /* Info.plist */ = {isa = PBXFileReference; lastKnownFileType = text.plist.xml; path = Info.plist; sourceTree = "<group>"; };
		0212BCB61A15CAEE006B7403 /* main.m */ = {isa = PBXFileReference; lastKnownFileType = sourcecode.c.objc; path = main.m; sourceTree = "<group>"; };
		0212BCB81A15CAEE006B7403 /* AppDelegate.h */ = {isa = PBXFileReference; lastKnownFileType = sourcecode.c.h; path = AppDelegate.h; sourceTree = "<group>"; };
		0212BCB91A15CAEE006B7403 /* AppDelegate.m */ = {isa = PBXFileReference; lastKnownFileType = sourcecode.c.objc; path = AppDelegate.m; sourceTree = "<group>"; };
		0212BCBB1A15CAEE006B7403 /* ViewController.h */ = {isa = PBXFileReference; lastKnownFileType = sourcecode.c.h; path = ViewController.h; sourceTree = "<group>"; };
		0212BCBC1A15CAEE006B7403 /* ViewController.m */ = {isa = PBXFileReference; lastKnownFileType = sourcecode.c.objc; path = ViewController.m; sourceTree = "<group>"; };
		0212BCBF1A15CAEE006B7403 /* Base */ = {isa = PBXFileReference; lastKnownFileType = file.storyboard; name = Base; path = Base.lproj/Main.storyboard; sourceTree = "<group>"; };
		0212BCC11A15CAEE006B7403 /* Images.xcassets */ = {isa = PBXFileReference; lastKnownFileType = folder.assetcatalog; path = Images.xcassets; sourceTree = "<group>"; };
		0212BCC41A15CAEE006B7403 /* Base */ = {isa = PBXFileReference; lastKnownFileType = file.xib; name = Base; path = Base.lproj/LaunchScreen.xib; sourceTree = "<group>"; };
		0212BCCA1A15CAEE006B7403 /* SandboxTests.xctest */ = {isa = PBXFileReference; explicitFileType = wrapper.cfbundle; includeInIndex = 0; path = SandboxTests.xctest; sourceTree = BUILT_PRODUCTS_DIR; };
		0212BCCF1A15CAEE006B7403 /* Info.plist */ = {isa = PBXFileReference; lastKnownFileType = text.plist.xml; path = Info.plist; sourceTree = "<group>"; };
		0212BCD01A15CAEE006B7403 /* SandboxTests.m */ = {isa = PBXFileReference; lastKnownFileType = sourcecode.c.objc; path = SandboxTests.m; sourceTree = "<group>"; };
/* End PBXFileReference section */

/* Begin PBXFrameworksBuildPhase section */
		0212BCAE1A15CAEE006B7403 /* Frameworks */ = {
			isa = PBXFrameworksBuildPhase;
			buildActionMask = 2147483647;
			files = (
			);
			runOnlyForDeploymentPostprocessing = 0;
		};
		0212BCC71A15CAEE006B7403 /* Frameworks */ = {
			isa = PBXFrameworksBuildPhase;
			buildActionMask = 2147483647;
			files = (
			);
			runOnlyForDeploymentPostprocessing = 0;
		};
/* End PBXFrameworksBuildPhase section */

/* Begin PBXGroup section */
		0212BCA81A15CAED006B7403 = {
			isa = PBXGroup;
			children = (
				0212BCB31A15CAEE006B7403 /* Sandbox */,
				0212BCCD1A15CAEE006B7403 /* SandboxTests */,
				0212BCB21A15CAEE006B7403 /* Products */,
			);
			sourceTree = "<group>";
		};
		0212BCB21A15CAEE006B7403 /* Products */ = {
			isa = PBXGroup;
			children = (
				0212BCB11A15CAEE006B7403 /* Sandbox.app */,
				0212BCCA1A15CAEE006B7403 /* SandboxTests.xctest */,
			);
			name = Products;
			sourceTree = "<group>";
		};
		0212BCB31A15CAEE006B7403 /* Sandbox */ = {
			isa = PBXGroup;
			children = (
				0212BCB81A15CAEE006B7403 /* AppDelegate.h */,
				0212BCB91A15CAEE006B7403 /* AppDelegate.m */,
				0212BCBB1A15CAEE006B7403 /* ViewController.h */,
				0212BCBC1A15CAEE006B7403 /* ViewController.m */,
				0212BCBE1A15CAEE006B7403 /* Main.storyboard */,
				0212BCC11A15CAEE006B7403 /* Images.xcassets */,
				0212BCC31A15CAEE006B7403 /* LaunchScreen.xib */,
				0212BCB41A15CAEE006B7403 /* Supporting Files */,
			);
			path = Sandbox;
			sourceTree = "<group>";
		};
		0212BCB41A15CAEE006B7403 /* Supporting Files */ = {
			isa = PBXGroup;
			children = (
				0212BCB51A15CAEE006B7403 /* Info.plist */,
				0212BCB61A15CAEE006B7403 /* main.m */,
			);
			name = "Supporting Files";
			sourceTree = "<group>";
		};
		0212BCCD1A15CAEE006B7403 /* SandboxTests */ = {
			isa = PBXGroup;
			children = (
				0212BCD01A15CAEE006B7403 /* SandboxTests.m */,
				0212BCCE1A15CAEE006B7403 /* Supporting Files */,
			);
			path = SandboxTests;
			sourceTree = "<group>";
		};
		0212BCCE1A15CAEE006B7403 /* Supporting Files */ = {
			isa = PBXGroup;
			children = (
				0212BCCF1A15CAEE006B7403 /* Info.plist */,
			);
			name = "Supporting Files";
			sourceTree = "<group>";
		};
/* End PBXGroup section */

/* Begin PBXNativeTarget section */
		0212BCB01A15CAEE006B7403 /* Sandbox */ = {
			isa = PBXNativeTarget;
			buildConfigurationList = 0212BCD41A15CAEE006B7403 /* Build configuration list for PBXNativeTarget "Sandbox" */;
			buildPhases = (
				0212BCAD1A15CAEE006B7403 /* Sources */,
				0212BCAE1A15CAEE006B7403 /* Frameworks */,
				0212BCAF1A15CAEE006B7403 /* Resources */,
			);
			buildRules = (
			);
			dependencies = (
			);
			name = Sandbox;
			productName = Sandbox;
			productReference = 0212BCB11A15CAEE006B7403 /* Sandbox.app */;
			productType = "com.apple.product-type.application";
		};
		0212BCC91A15CAEE006B7403 /* SandboxTests */ = {
			isa = PBXNativeTarget;
			buildConfigurationList = 0212BCD71A15CAEE006B7403 /* Build configuration list for PBXNativeTarget "SandboxTests" */;
			buildPhases = (
				0212BCC61A15CAEE006B7403 /* Sources */,
				0212BCC71A15CAEE006B7403 /* Frameworks */,
				0212BCC81A15CAEE006B7403 /* Resources */,
			);
			buildRules = (
			);
			dependencies = (
				0212BCCC1A15CAEE006B7403 /* PBXTargetDependency */,
			);
			name = SandboxTests;
			productName = SandboxTests;
			productReference = 0212BCCA1A15CAEE006B7403 /* SandboxTests.xctest */;
			productType = "com.apple.product-type.bundle.unit-test";
		};
/* End PBXNativeTarget section */

/* Begin PBXProject section */
		0212BCA91A15CAED006B7403 /* Project object */ = {
			isa = PBXProject;
			attributes = {
				LastUpgradeCheck = 0610;
				ORGANIZATIONNAME = "Jean Ro";
				TargetAttributes = {
					0212BCB01A15CAEE006B7403 = {
						CreatedOnToolsVersion = 6.1;
					};
					0212BCC91A15CAEE006B7403 = {
						CreatedOnToolsVersion = 6.1;
						TestTargetID = 0212BCB01A15CAEE006B7403;
					};
				};
			};
			buildConfigurationList = 0212BCAC1A15CAED006B7403 /* Build configuration list for PBXProject "Sandbox" */;
			compatibilityVersion = "Xcode 3.2";
			developmentRegion = English;
			hasScannedForEncodings = 0;
			knownRegions = (
				en,
				Base,
			);
			mainGroup = 0212BCA81A15CAED006B7403;
			productRefGroup = 0212BCB21A15CAEE006B7403 /* Products */;
			projectDirPath = "";
			projectRoot = "";
			targets = (
				0212BCB01A15CAEE006B7403 /* Sandbox */,
				0212BCC91A15CAEE006B7403 /* SandboxTests */,
			);
		};
/* End PBXProject section */

/* Begin PBXResourcesBuildPhase section */
		0212BCAF1A15CAEE006B7403 /* Resources */ = {
			isa = PBXResourcesBuildPhase;
			buildActionMask = 2147483647;
			files = (
				0212BCC01A15CAEE006B7403 /* Main.storyboard in Resources */,
				0212BCC51A15CAEE006B7403 /* LaunchScreen.xib in Resources */,
				0212BCC21A15CAEE006B7403 /* Images.xcassets in Resources */,
			);
			runOnlyForDeploymentPostprocessing = 0;
		};
		0212BCC81A15CAEE006B7403 /* Resources */ = {
			isa = PBXResourcesBuildPhase;
			buildActionMask = 2147483647;
			files = (
			);
			runOnlyForDeploymentPostprocessing = 0;
		};
/* End PBXResourcesBuildPhase section */

/* Begin PBXSourcesBuildPhase section */
		0212BCAD1A15CAEE006B7403 /* Sources */ = {
			isa = PBXSourcesBuildPhase;
			buildActionMask = 2147483647;
			files = (
				0212BCBD1A15CAEE006B7403 /* ViewController.m in Sources */,
				0212BCBA1A15CAEE006B7403 /* AppDelegate.m in Sources */,
				0212BCB71A15CAEE006B7403 /* main.m in Sources */,
			);
			runOnlyForDeploymentPostprocessing = 0;
		};
		0212BCC61A15CAEE006B7403 /* Sources */ = {
			isa = PBXSourcesBuildPhase;
			buildActionMask = 2147483647;
			files = (
				0212BCD11A15CAEE006B7403 /* SandboxTests.m in Sources */,
			);
			runOnlyForDeploymentPostprocessing = 0;
		};
/* End PBXSourcesBuildPhase section */

/* Begin PBXTargetDependency section */
		0212BCCC1A15CAEE006B7403 /* PBXTargetDependency */ = {
			isa = PBXTargetDependency;
			target = 0212BCB01A15CAEE006B7403 /* Sandbox */;
			targetProxy = 0212BCCB1A15CAEE006B7403 /* PBXContainerItemProxy */;
		};
/* End PBXTargetDependency section */

/* Begin PBXVariantGroup section */
		0212BCBE1A15CAEE006B7403 /* Main.storyboard */ = {
			isa = PBXVariantGroup;
			children = (
				0212BCBF1A15CAEE006B7403 /* Base */,
			);
			name = Main.storyboard;
			sourceTree = "<group>";
		};
		0212BCC31A15CAEE006B7403 /* LaunchScreen.xib */ = {
			isa = PBXVariantGroup;
			children = (
				0212BCC41A15CAEE006B7403 /* Base */,
			);
			name = LaunchScreen.xib;
			sourceTree = "<group>";
		};
/* End PBXVariantGroup section */

/* Begin XCBuildConfiguration section */
		0212BCD21A15CAEE006B7403 /* Debug */ = {
			isa = XCBuildConfiguration;
			buildSettings = {
				ALWAYS_SEARCH_USER_PATHS = NO;
				CLANG_CXX_LANGUAGE_STANDARD = "gnu++0x";
				CLANG_CXX_LIBRARY = "libc++";
				CLANG_ENABLE_MODULES = YES;
				CLANG_ENABLE_OBJC_ARC = YES;
				CLANG_WARN_BOOL_CONVERSION = YES;
				CLANG_WARN_CONSTANT_CONVERSION = YES;
				CLANG_WARN_DIRECT_OBJC_ISA_USAGE = YES_ERROR;
				CLANG_WARN_EMPTY_BODY = YES;
				CLANG_WARN_ENUM_CONVERSION = YES;
				CLANG_WARN_INT_CONVERSION = YES;
				CLANG_WARN_OBJC_ROOT_CLASS = YES_ERROR;
				CLANG_WARN_UNREACHABLE_CODE = YES;
				CLANG_WARN__DUPLICATE_METHOD_MATCH = YES;
				"CODE_SIGN_IDENTITY[sdk=iphoneos*]" = "iPhone Developer";
				COPY_PHASE_STRIP = NO;
				ENABLE_STRICT_OBJC_MSGSEND = YES;
				GCC_C_LANGUAGE_STANDARD = gnu99;
				GCC_DYNAMIC_NO_PIC = NO;
				GCC_OPTIMIZATION_LEVEL = 0;
				GCC_PREPROCESSOR_DEFINITIONS = (
					"DEBUG=1",
					"$(inherited)",
				);
				GCC_SYMBOLS_PRIVATE_EXTERN = NO;
				GCC_WARN_64_TO_32_BIT_CONVERSION = YES;
				GCC_WARN_ABOUT_RETURN_TYPE = YES_ERROR;
				GCC_WARN_UNDECLARED_SELECTOR = YES;
				GCC_WARN_UNINITIALIZED_AUTOS = YES_AGGRESSIVE;
				GCC_WARN_UNUSED_FUNCTION = YES;
				GCC_WARN_UNUSED_VARIABLE = YES;
				IPHONEOS_DEPLOYMENT_TARGET = 8.1;
				MTL_ENABLE_DEBUG_INFO = YES;
				ONLY_ACTIVE_ARCH = YES;
				SDKROOT = iphoneos;
			};
			name = Debug;
		};
		0212BCD31A15CAEE006B7403 /* Release */ = {
			isa = XCBuildConfiguration;
			buildSettings = {
				ALWAYS_SEARCH_USER_PATHS = NO;
				CLANG_CXX_LANGUAGE_STANDARD = "gnu++0x";
				CLANG_CXX_LIBRARY = "libc++";
				CLANG_ENABLE_MODULES = YES;
				CLANG_ENABLE_OBJC_ARC = YES;
				CLANG_WARN_BOOL_CONVERSION = YES;
				CLANG_WARN_CONSTANT_CONVERSION = YES;
				CLANG_WARN_DIRECT_OBJC_ISA_USAGE = YES_ERROR;
				CLANG_WARN_EMPTY_BODY = YES;
				CLANG_WARN_ENUM_CONVERSION = YES;
				CLANG_WARN_INT_CONVERSION = YES;
				CLANG_WARN_OBJC_ROOT_CLASS = YES_ERROR;
				CLANG_WARN_UNREACHABLE_CODE = YES;
				CLANG_WARN__DUPLICATE_METHOD_MATCH = YES;
				"CODE_SIGN_IDENTITY[sdk=iphoneos*]" = "iPhone Developer";
				COPY_PHASE_STRIP = YES;
				ENABLE_NS_ASSERTIONS = NO;
				ENABLE_STRICT_OBJC_MSGSEND = YES;
				GCC_C_LANGUAGE_STANDARD = gnu99;
				GCC_WARN_64_TO_32_BIT_CONVERSION = YES;
				GCC_WARN_ABOUT_RETURN_TYPE = YES_ERROR;
				GCC_WARN_UNDECLARED_SELECTOR = YES;
				GCC_WARN_UNINITIALIZED_AUTOS = YES_AGGRESSIVE;
				GCC_WARN_UNUSED_FUNCTION = YES;
				GCC_WARN_UNUSED_VARIABLE = YES;
				IPHONEOS_DEPLOYMENT_TARGET = 8.1;
				MTL_ENABLE_DEBUG_INFO = NO;
				SDKROOT = iphoneos;
				VALIDATE_PRODUCT = YES;
			};
			name = Release;
		};
		0212BCD51A15CAEE006B7403 /* Debug */ = {
			isa = XCBuildConfiguration;
			buildSettings = {
				ASSETCATALOG_COMPILER_APPICON_NAME = AppIcon;
				INFOPLIST_FILE = Sandbox/Info.plist;
				LD_RUNPATH_SEARCH_PATHS = "$(inherited) @executable_path/Frameworks";
				PRODUCT_NAME = "$(TARGET_NAME)";
			};
			name = Debug;
		};
		0212BCD61A15CAEE006B7403 /* Release */ = {
			isa = XCBuildConfiguration;
			buildSettings = {
				ASSETCATALOG_COMPILER_APPICON_NAME = AppIcon;
				INFOPLIST_FILE = Sandbox/Info.plist;
				LD_RUNPATH_SEARCH_PATHS = "$(inherited) @executable_path/Frameworks";
				PRODUCT_NAME = "$(TARGET_NAME)";
			};
			name = Release;
		};
		0212BCD81A15CAEE006B7403 /* Debug */ = {
			isa = XCBuildConfiguration;
			buildSettings = {
				BUNDLE_LOADER = "$(TEST_HOST)";
				FRAMEWORK_SEARCH_PATHS = (
					"$(SDKROOT)/Developer/Library/Frameworks",
					"$(inherited)",
				);
				GCC_PREPROCESSOR_DEFINITIONS = (
					"DEBUG=1",
					"$(inherited)",
				);
				INFOPLIST_FILE = SandboxTests/Info.plist;
				LD_RUNPATH_SEARCH_PATHS = "$(inherited) @executable_path/Frameworks @loader_path/Frameworks";
				PRODUCT_NAME = "$(TARGET_NAME)";
				TEST_HOST = "$(BUILT_PRODUCTS_DIR)/Sandbox.app/Sandbox";
			};
			name = Debug;
		};
		0212BCD91A15CAEE006B7403 /* Release */ = {
			isa = XCBuildConfiguration;
			buildSettings = {
				BUNDLE_LOADER = "$(TEST_HOST)";
				FRAMEWORK_SEARCH_PATHS = (
					"$(SDKROOT)/Developer/Library/Frameworks",
					"$(inherited)",
				);
				INFOPLIST_FILE = SandboxTests/Info.plist;
				LD_RUNPATH_SEARCH_PATHS = "$(inherited) @executable_path/Frameworks @loader_path/Frameworks";
				PRODUCT_NAME = "$(TARGET_NAME)";
				TEST_HOST = "$(BUILT_PRODUCTS_DIR)/Sandbox.app/Sandbox";
			};
			name = Release;
		};
/* End XCBuildConfiguration section */

/* Begin XCConfigurationList section */
		0212BCAC1A15CAED006B7403 /* Build configuration list for PBXProject "Sandbox" */ = {
			isa = XCConfigurationList;
			buildConfigurations = (
				0212BCD21A15CAEE006B7403 /* Debug */,
				0212BCD31A15CAEE006B7403 /* Release */,
			);
			defaultConfigurationIsVisible = 0;
			defaultConfigurationName = Release;
		};
		0212BCD41A15CAEE006B7403 /* Build configuration list for PBXNativeTarget "Sandbox" */ = {
			isa = XCConfigurationList;
			buildConfigurations = (
				0212BCD51A15CAEE006B7403 /* Debug */,
				0212BCD61A15CAEE006B7403 /* Release */,
			);
			defaultConfigurationIsVisible = 0;
		};
		0212BCD71A15CAEE006B7403 /* Build configuration list for PBXNativeTarget "SandboxTests" */ = {
			isa = XCConfigurationList;
			buildConfigurations = (
				0212BCD81A15CAEE006B7403 /* Debug */,
				0212BCD91A15CAEE006B7403 /* Release */,
			);
			defaultConfigurationIsVisible = 0;
		};
/* End XCConfigurationList section */
	};
	rootObject = 0212BCA91A15CAED006B7403 /* Project object */;
}
